
Microsoft Visual Studio Solution File, Format Version 12.00
# Visual Studio Version 17
VisualStudioVersion = 17.9.34714.143
MinimumVisualStudioVersion = 10.0.40219.1
Project("{FAE04EC0-301F-11D3-BF4B-00C04F79EFBC}") = "CG-ExternalSharp", "CG-ExternalSharp\CG-ExternalSharp.csproj", "{1B6FCE0B-B573-46DD-9ABE-90FBC927CD42}"
EndProject
Global
	GlobalSection(SolutionConfigurationPlatforms) = preSolution
		Debug|Any CPU = Debug|Any CPU
		Release|Any CPU = Release|Any CPU
	EndGlobalSection
	GlobalSection(ProjectConfigurationPlatforms) = postSolution
		{1B6FCE0B-B573-46DD-9ABE-90FBC927CD42}.Debug|Any CPU.ActiveCfg = Debug|Any CPU
		{1B6FCE0B-B573-46DD-9ABE-90FBC927CD42}.Debug|Any CPU.Build.0 = Debug|Any CPU
		{1B6FCE0B-B573-46DD-9ABE-90FBC927CD42}.Release|Any CPU.ActiveCfg = Release|Any CPU
		{1B6FCE0B-B573-46DD-9ABE-90FBC927CD42}.Release|Any CPU.Build.0 = Release|Any CPU
	EndGlobalSection
	GlobalSection(SolutionProperties) = preSolution
		HideSolutionNode = FALSE
	EndGlobalSection
	GlobalSection(ExtensibilityGlobals) = postSolution
		SolutionGuid = {F2E20492-3099-4A2D-91C3-F4F30B2E5C3B}
	EndGlobalSection
EndGlobal
